
Microsoft Visual Studio Solution File, Format Version 12.00
# Visual Studio Version 17
VisualStudioVersion = 17.4.33213.308
MinimumVisualStudioVersion = 10.0.40219.1
Project("{FAE04EC0-301F-11D3-BF4B-00C04F79EFBC}") = "WebApiEntrenamiento", "WebApiEntrenamiento\WebApiEntrenamiento.csproj", "{5EE44E32-03A2-4527-9115-3523145B727B}"
EndProject
Project("{FAE04EC0-301F-11D3-BF4B-00C04F79EFBC}") = "WebApiLibros", "WebApiLibros\WebApiLibros.csproj", "{9CA6E73B-8CD8-449C-BBD8-9BECE8F31536}"
EndProject
Global
	GlobalSection(SolutionConfigurationPlatforms) = preSolution
		Debug|Any CPU = Debug|Any CPU
		Release|Any CPU = Release|Any CPU
	EndGlobalSection
	GlobalSection(ProjectConfigurationPlatforms) = postSolution
		{5EE44E32-03A2-4527-9115-3523145B727B}.Debug|Any CPU.ActiveCfg = Debug|Any CPU
		{5EE44E32-03A2-4527-9115-3523145B727B}.Debug|Any CPU.Build.0 = Debug|Any CPU
		{5EE44E32-03A2-4527-9115-3523145B727B}.Release|Any CPU.ActiveCfg = Release|Any CPU
		{5EE44E32-03A2-4527-9115-3523145B727B}.Release|Any CPU.Build.0 = Release|Any CPU
		{9CA6E73B-8CD8-449C-BBD8-9BECE8F31536}.Debug|Any CPU.ActiveCfg = Debug|Any CPU
		{9CA6E73B-8CD8-449C-BBD8-9BECE8F31536}.Debug|Any CPU.Build.0 = Debug|Any CPU
		{9CA6E73B-8CD8-449C-BBD8-9BECE8F31536}.Release|Any CPU.ActiveCfg = Release|Any CPU
		{9CA6E73B-8CD8-449C-BBD8-9BECE8F31536}.Release|Any CPU.Build.0 = Release|Any CPU
	EndGlobalSection
	GlobalSection(SolutionProperties) = preSolution
		HideSolutionNode = FALSE
	EndGlobalSection
	GlobalSection(ExtensibilityGlobals) = postSolution
		SolutionGuid = {B0E58786-FE6D-42AB-815F-AE1C95BC7297}
	EndGlobalSection
EndGlobal
